// !$*UTF8*$!
{
	archiveVersion = 1;
	classes = {
	};
	objectVersion = 51;
	objects = {

/* Begin PBXBuildFile section */
		2847A2E6C8CF1CD5854C0E3E /* Pods_Parstagram.framework in Frameworks */ = {isa = PBXBuildFile; fileRef = BB7347CF11AD2EAD437BEA76 /* Pods_Parstagram.framework */; };
		990B12563EED31AD62B6A6B6 /* Pods_Parstagram_ParstagramUITests.framework in Frameworks */ = {isa = PBXBuildFile; fileRef = 9F4D8349521F2C854BA0EE4F /* Pods_Parstagram_ParstagramUITests.framework */; };
		D52D122C76C9CF618D1D28E8 /* Pods_ParstagramTests.framework in Frameworks */ = {isa = PBXBuildFile; fileRef = 444059D16047910EBFA74D12 /* Pods_ParstagramTests.framework */; };
		DAAC8D38237E2C10002D75E7 /* LoginViewController.swift in Sources */ = {isa = PBXBuildFile; fileRef = DAAC8D37237E2C10002D75E7 /* LoginViewController.swift */; };
		DAAC8D3A237E2C23002D75E7 /* FeedViewController.swift in Sources */ = {isa = PBXBuildFile; fileRef = DAAC8D39237E2C23002D75E7 /* FeedViewController.swift */; };
		DAAC8D3C237E2CBF002D75E7 /* instagram_logo.png in Resources */ = {isa = PBXBuildFile; fileRef = DAAC8D3B237E2CBF002D75E7 /* instagram_logo.png */; };
		DAAC8D3E237E36EE002D75E7 /* insta_camera_btn.png in Resources */ = {isa = PBXBuildFile; fileRef = DAAC8D3D237E36EE002D75E7 /* insta_camera_btn.png */; };
		DAAC8D40237E3747002D75E7 /* CameraViewController.swift in Sources */ = {isa = PBXBuildFile; fileRef = DAAC8D3F237E3747002D75E7 /* CameraViewController.swift */; };
		DAAC8D42237E37A4002D75E7 /* image_placeholder.png in Resources */ = {isa = PBXBuildFile; fileRef = DAAC8D41237E37A4002D75E7 /* image_placeholder.png */; };
		DAAC8D44237E466E002D75E7 /* PostCell.swift in Sources */ = {isa = PBXBuildFile; fileRef = DAAC8D43237E466E002D75E7 /* PostCell.swift */; };
		DAB1135F23878468000888FD /* CommentCell.swift in Sources */ = {isa = PBXBuildFile; fileRef = DAB1135E23878466000888FD /* CommentCell.swift */; };
		DAFA5FA6237E24C3009ABE18 /* AppDelegate.swift in Sources */ = {isa = PBXBuildFile; fileRef = DAFA5FA5237E24C3009ABE18 /* AppDelegate.swift */; };
		DAFA5FA8237E24C4009ABE18 /* SceneDelegate.swift in Sources */ = {isa = PBXBuildFile; fileRef = DAFA5FA7237E24C4009ABE18 /* SceneDelegate.swift */; };
		DAFA5FAD237E24C5009ABE18 /* Main.storyboard in Resources */ = {isa = PBXBuildFile; fileRef = DAFA5FAB237E24C5009ABE18 /* Main.storyboard */; };
		DAFA5FAF237E24DF009ABE18 /* Assets.xcassets in Resources */ = {isa = PBXBuildFile; fileRef = DAFA5FAE237E24DF009ABE18 /* Assets.xcassets */; };
		DAFA5FB2237E24DF009ABE18 /* LaunchScreen.storyboard in Resources */ = {isa = PBXBuildFile; fileRef = DAFA5FB0237E24DF009ABE18 /* LaunchScreen.storyboard */; };
		DAFA5FBD237E24E0009ABE18 /* ParstagramTests.swift in Sources */ = {isa = PBXBuildFile; fileRef = DAFA5FBC237E24E0009ABE18 /* ParstagramTests.swift */; };
		DAFA5FC8237E24E0009ABE18 /* ParstagramUITests.swift in Sources */ = {isa = PBXBuildFile; fileRef = DAFA5FC7237E24E0009ABE18 /* ParstagramUITests.swift */; };
/* End PBXBuildFile section */

/* Begin PBXContainerItemProxy section */
		DAFA5FB9237E24E0009ABE18 /* PBXContainerItemProxy */ = {
			isa = PBXContainerItemProxy;
			containerPortal = DAFA5F9A237E24C2009ABE18 /* Project object */;
			proxyType = 1;
			remoteGlobalIDString = DAFA5FA1237E24C2009ABE18;
			remoteInfo = Parstagram;
		};
		DAFA5FC4237E24E0009ABE18 /* PBXContainerItemProxy */ = {
			isa = PBXContainerItemProxy;
			containerPortal = DAFA5F9A237E24C2009ABE18 /* Project object */;
			proxyType = 1;
			remoteGlobalIDString = DAFA5FA1237E24C2009ABE18;
			remoteInfo = Parstagram;
		};
/* End PBXContainerItemProxy section */

/* Begin PBXFileReference section */
		0558B6F3036B00D608949018 /* Pods-ParstagramTests.release.xcconfig */ = {isa = PBXFileReference; includeInIndex = 1; lastKnownFileType = text.xcconfig; name = "Pods-ParstagramTests.release.xcconfig"; path = "Target Support Files/Pods-ParstagramTests/Pods-ParstagramTests.release.xcconfig"; sourceTree = "<group>"; };
		13455177201C71D906EBF30F /* Pods-Parstagram-ParstagramUITests.debug.xcconfig */ = {isa = PBXFileReference; includeInIndex = 1; lastKnownFileType = text.xcconfig; name = "Pods-Parstagram-ParstagramUITests.debug.xcconfig"; path = "Target Support Files/Pods-Parstagram-ParstagramUITests/Pods-Parstagram-ParstagramUITests.debug.xcconfig"; sourceTree = "<group>"; };
		21ECFFF057F6D41E9EED1D43 /* Pods-ParstagramTests.debug.xcconfig */ = {isa = PBXFileReference; includeInIndex = 1; lastKnownFileType = text.xcconfig; name = "Pods-ParstagramTests.debug.xcconfig"; path = "Target Support Files/Pods-ParstagramTests/Pods-ParstagramTests.debug.xcconfig"; sourceTree = "<group>"; };
		2BDC5AAD3E35FDBAB770C13B /* Pods-Parstagram.debug.xcconfig */ = {isa = PBXFileReference; includeInIndex = 1; lastKnownFileType = text.xcconfig; name = "Pods-Parstagram.debug.xcconfig"; path = "Target Support Files/Pods-Parstagram/Pods-Parstagram.debug.xcconfig"; sourceTree = "<group>"; };
		444059D16047910EBFA74D12 /* Pods_ParstagramTests.framework */ = {isa = PBXFileReference; explicitFileType = wrapper.framework; includeInIndex = 0; path = Pods_ParstagramTests.framework; sourceTree = BUILT_PRODUCTS_DIR; };
		5C6DAC9D0F9D52E919B05416 /* Pods-Parstagram-ParstagramUITests.release.xcconfig */ = {isa = PBXFileReference; includeInIndex = 1; lastKnownFileType = text.xcconfig; name = "Pods-Parstagram-ParstagramUITests.release.xcconfig"; path = "Target Support Files/Pods-Parstagram-ParstagramUITests/Pods-Parstagram-ParstagramUITests.release.xcconfig"; sourceTree = "<group>"; };
		60FCCBC89AF5F7B0B9B48C1F /* Pods-Parstagram.release.xcconfig */ = {isa = PBXFileReference; includeInIndex = 1; lastKnownFileType = text.xcconfig; name = "Pods-Parstagram.release.xcconfig"; path = "Target Support Files/Pods-Parstagram/Pods-Parstagram.release.xcconfig"; sourceTree = "<group>"; };
		9F4D8349521F2C854BA0EE4F /* Pods_Parstagram_ParstagramUITests.framework */ = {isa = PBXFileReference; explicitFileType = wrapper.framework; includeInIndex = 0; path = Pods_Parstagram_ParstagramUITests.framework; sourceTree = BUILT_PRODUCTS_DIR; };
		BB7347CF11AD2EAD437BEA76 /* Pods_Parstagram.framework */ = {isa = PBXFileReference; explicitFileType = wrapper.framework; includeInIndex = 0; path = Pods_Parstagram.framework; sourceTree = BUILT_PRODUCTS_DIR; };
		DAAC8D37237E2C10002D75E7 /* LoginViewController.swift */ = {isa = PBXFileReference; lastKnownFileType = sourcecode.swift; path = LoginViewController.swift; sourceTree = "<group>"; };
		DAAC8D39237E2C23002D75E7 /* FeedViewController.swift */ = {isa = PBXFileReference; lastKnownFileType = sourcecode.swift; path = FeedViewController.swift; sourceTree = "<group>"; };
		DAAC8D3B237E2CBF002D75E7 /* instagram_logo.png */ = {isa = PBXFileReference; lastKnownFileType = image.png; path = instagram_logo.png; sourceTree = "<group>"; };
		DAAC8D3D237E36EE002D75E7 /* insta_camera_btn.png */ = {isa = PBXFileReference; lastKnownFileType = image.png; path = insta_camera_btn.png; sourceTree = "<group>"; };
		DAAC8D3F237E3747002D75E7 /* CameraViewController.swift */ = {isa = PBXFileReference; lastKnownFileType = sourcecode.swift; path = CameraViewController.swift; sourceTree = "<group>"; };
		DAAC8D41237E37A4002D75E7 /* image_placeholder.png */ = {isa = PBXFileReference; lastKnownFileType = image.png; path = image_placeholder.png; sourceTree = "<group>"; };
		DAAC8D43237E466E002D75E7 /* PostCell.swift */ = {isa = PBXFileReference; lastKnownFileType = sourcecode.swift; path = PostCell.swift; sourceTree = "<group>"; };
		DAB1135E23878466000888FD /* CommentCell.swift */ = {isa = PBXFileReference; lastKnownFileType = sourcecode.swift; path = CommentCell.swift; sourceTree = "<group>"; };
		DAFA5FA2237E24C3009ABE18 /* Parstagram.app */ = {isa = PBXFileReference; explicitFileType = wrapper.application; includeInIndex = 0; path = Parstagram.app; sourceTree = BUILT_PRODUCTS_DIR; };
		DAFA5FA5237E24C3009ABE18 /* AppDelegate.swift */ = {isa = PBXFileReference; lastKnownFileType = sourcecode.swift; path = AppDelegate.swift; sourceTree = "<group>"; };
		DAFA5FA7237E24C4009ABE18 /* SceneDelegate.swift */ = {isa = PBXFileReference; lastKnownFileType = sourcecode.swift; path = SceneDelegate.swift; sourceTree = "<group>"; };
		DAFA5FAC237E24C5009ABE18 /* Base */ = {isa = PBXFileReference; lastKnownFileType = file.storyboard; name = Base; path = Base.lproj/Main.storyboard; sourceTree = "<group>"; };
		DAFA5FAE237E24DF009ABE18 /* Assets.xcassets */ = {isa = PBXFileReference; lastKnownFileType = folder.assetcatalog; path = Assets.xcassets; sourceTree = "<group>"; };
		DAFA5FB1237E24DF009ABE18 /* Base */ = {isa = PBXFileReference; lastKnownFileType = file.storyboard; name = Base; path = Base.lproj/LaunchScreen.storyboard; sourceTree = "<group>"; };
		DAFA5FB3237E24DF009ABE18 /* Info.plist */ = {isa = PBXFileReference; lastKnownFileType = text.plist.xml; path = Info.plist; sourceTree = "<group>"; };
		DAFA5FB8237E24E0009ABE18 /* ParstagramTests.xctest */ = {isa = PBXFileReference; explicitFileType = wrapper.cfbundle; includeInIndex = 0; path = ParstagramTests.xctest; sourceTree = BUILT_PRODUCTS_DIR; };
		DAFA5FBC237E24E0009ABE18 /* ParstagramTests.swift */ = {isa = PBXFileReference; lastKnownFileType = sourcecode.swift; path = ParstagramTests.swift; sourceTree = "<group>"; };
		DAFA5FBE237E24E0009ABE18 /* Info.plist */ = {isa = PBXFileReference; lastKnownFileType = text.plist.xml; path = Info.plist; sourceTree = "<group>"; };
		DAFA5FC3237E24E0009ABE18 /* ParstagramUITests.xctest */ = {isa = PBXFileReference; explicitFileType = wrapper.cfbundle; includeInIndex = 0; path = ParstagramUITests.xctest; sourceTree = BUILT_PRODUCTS_DIR; };
		DAFA5FC7237E24E0009ABE18 /* ParstagramUITests.swift */ = {isa = PBXFileReference; lastKnownFileType = sourcecode.swift; path = ParstagramUITests.swift; sourceTree = "<group>"; };
		DAFA5FC9237E24E0009ABE18 /* Info.plist */ = {isa = PBXFileReference; lastKnownFileType = text.plist.xml; path = Info.plist; sourceTree = "<group>"; };
/* End PBXFileReference section */

/* Begin PBXFrameworksBuildPhase section */
		DAFA5F9F237E24C2009ABE18 /* Frameworks */ = {
			isa = PBXFrameworksBuildPhase;
			buildActionMask = 2147483647;
			files = (
				2847A2E6C8CF1CD5854C0E3E /* Pods_Parstagram.framework in Frameworks */,
			);
			runOnlyForDeploymentPostprocessing = 0;
		};
		DAFA5FB5237E24E0009ABE18 /* Frameworks */ = {
			isa = PBXFrameworksBuildPhase;
			buildActionMask = 2147483647;
			files = (
				D52D122C76C9CF618D1D28E8 /* Pods_ParstagramTests.framework in Frameworks */,
			);
			runOnlyForDeploymentPostprocessing = 0;
		};
		DAFA5FC0237E24E0009ABE18 /* Frameworks */ = {
			isa = PBXFrameworksBuildPhase;
			buildActionMask = 2147483647;
			files = (
				990B12563EED31AD62B6A6B6 /* Pods_Parstagram_ParstagramUITests.framework in Frameworks */,
			);
			runOnlyForDeploymentPostprocessing = 0;
		};
/* End PBXFrameworksBuildPhase section */

/* Begin PBXGroup section */
		6B1CE353E945C75046717718 /* Frameworks */ = {
			isa = PBXGroup;
			children = (
				BB7347CF11AD2EAD437BEA76 /* Pods_Parstagram.framework */,
				9F4D8349521F2C854BA0EE4F /* Pods_Parstagram_ParstagramUITests.framework */,
				444059D16047910EBFA74D12 /* Pods_ParstagramTests.framework */,
			);
			name = Frameworks;
			sourceTree = "<group>";
		};
		8BE95056E1A75B9491647B87 /* Pods */ = {
			isa = PBXGroup;
			children = (
				2BDC5AAD3E35FDBAB770C13B /* Pods-Parstagram.debug.xcconfig */,
				60FCCBC89AF5F7B0B9B48C1F /* Pods-Parstagram.release.xcconfig */,
				13455177201C71D906EBF30F /* Pods-Parstagram-ParstagramUITests.debug.xcconfig */,
				5C6DAC9D0F9D52E919B05416 /* Pods-Parstagram-ParstagramUITests.release.xcconfig */,
				21ECFFF057F6D41E9EED1D43 /* Pods-ParstagramTests.debug.xcconfig */,
				0558B6F3036B00D608949018 /* Pods-ParstagramTests.release.xcconfig */,
			);
			path = Pods;
			sourceTree = "<group>";
		};
		DAFA5F99237E24C2009ABE18 = {
			isa = PBXGroup;
			children = (
				DAFA5FA4237E24C3009ABE18 /* Parstagram */,
				DAFA5FBB237E24E0009ABE18 /* ParstagramTests */,
				DAFA5FC6237E24E0009ABE18 /* ParstagramUITests */,
				DAFA5FA3237E24C3009ABE18 /* Products */,
				8BE95056E1A75B9491647B87 /* Pods */,
				6B1CE353E945C75046717718 /* Frameworks */,
			);
			sourceTree = "<group>";
		};
		DAFA5FA3237E24C3009ABE18 /* Products */ = {
			isa = PBXGroup;
			children = (
				DAFA5FA2237E24C3009ABE18 /* Parstagram.app */,
				DAFA5FB8237E24E0009ABE18 /* ParstagramTests.xctest */,
				DAFA5FC3237E24E0009ABE18 /* ParstagramUITests.xctest */,
			);
			name = Products;
			sourceTree = "<group>";
		};
		DAFA5FA4237E24C3009ABE18 /* Parstagram */ = {
			isa = PBXGroup;
			children = (
				DAFA5FA5237E24C3009ABE18 /* AppDelegate.swift */,
				DAFA5FA7237E24C4009ABE18 /* SceneDelegate.swift */,
				DAFA5FAB237E24C5009ABE18 /* Main.storyboard */,
				DAAC8D3F237E3747002D75E7 /* CameraViewController.swift */,
				DAFA5FAE237E24DF009ABE18 /* Assets.xcassets */,
				DAFA5FB0237E24DF009ABE18 /* LaunchScreen.storyboard */,
				DAAC8D3B237E2CBF002D75E7 /* instagram_logo.png */,
				DAAC8D3D237E36EE002D75E7 /* insta_camera_btn.png */,
				DAAC8D41237E37A4002D75E7 /* image_placeholder.png */,
				DAFA5FB3237E24DF009ABE18 /* Info.plist */,
				DAAC8D37237E2C10002D75E7 /* LoginViewController.swift */,
				DAAC8D39237E2C23002D75E7 /* FeedViewController.swift */,
				DAAC8D43237E466E002D75E7 /* PostCell.swift */,
				DAB1135E23878466000888FD /* CommentCell.swift */,
			);
			path = Parstagram;
			sourceTree = "<group>";
		};
		DAFA5FBB237E24E0009ABE18 /* ParstagramTests */ = {
			isa = PBXGroup;
			children = (
				DAFA5FBC237E24E0009ABE18 /* ParstagramTests.swift */,
				DAFA5FBE237E24E0009ABE18 /* Info.plist */,
			);
			path = ParstagramTests;
			sourceTree = "<group>";
		};
		DAFA5FC6237E24E0009ABE18 /* ParstagramUITests */ = {
			isa = PBXGroup;
			children = (
				DAFA5FC7237E24E0009ABE18 /* ParstagramUITests.swift */,
				DAFA5FC9237E24E0009ABE18 /* Info.plist */,
			);
			path = ParstagramUITests;
			sourceTree = "<group>";
		};
/* End PBXGroup section */

/* Begin PBXNativeTarget section */
		DAFA5FA1237E24C2009ABE18 /* Parstagram */ = {
			isa = PBXNativeTarget;
			buildConfigurationList = DAFA5FCC237E24E0009ABE18 /* Build configuration list for PBXNativeTarget "Parstagram" */;
			buildPhases = (
				E58C99C80833735E768024B3 /* [CP] Check Pods Manifest.lock */,
				DAFA5F9E237E24C2009ABE18 /* Sources */,
				DAFA5F9F237E24C2009ABE18 /* Frameworks */,
				DAFA5FA0237E24C2009ABE18 /* Resources */,
				1FC17E00593FC43F4941ABFA /* [CP] Embed Pods Frameworks */,
			);
			buildRules = (
			);
			dependencies = (
			);
			name = Parstagram;
			productName = Parstagram;
			productReference = DAFA5FA2237E24C3009ABE18 /* Parstagram.app */;
			productType = "com.apple.product-type.application";
		};
		DAFA5FB7237E24E0009ABE18 /* ParstagramTests */ = {
			isa = PBXNativeTarget;
			buildConfigurationList = DAFA5FCF237E24E0009ABE18 /* Build configuration list for PBXNativeTarget "ParstagramTests" */;
			buildPhases = (
				53032672385616A0E2B32160 /* [CP] Check Pods Manifest.lock */,
				DAFA5FB4237E24E0009ABE18 /* Sources */,
				DAFA5FB5237E24E0009ABE18 /* Frameworks */,
				DAFA5FB6237E24E0009ABE18 /* Resources */,
			);
			buildRules = (
			);
			dependencies = (
				DAFA5FBA237E24E0009ABE18 /* PBXTargetDependency */,
			);
			name = ParstagramTests;
			productName = ParstagramTests;
			productReference = DAFA5FB8237E24E0009ABE18 /* ParstagramTests.xctest */;
			productType = "com.apple.product-type.bundle.unit-test";
		};
		DAFA5FC2237E24E0009ABE18 /* ParstagramUITests */ = {
			isa = PBXNativeTarget;
			buildConfigurationList = DAFA5FD2237E24E0009ABE18 /* Build configuration list for PBXNativeTarget "ParstagramUITests" */;
			buildPhases = (
				AEA85F0EE7544940A2FE7CE7 /* [CP] Check Pods Manifest.lock */,
				DAFA5FBF237E24E0009ABE18 /* Sources */,
				DAFA5FC0237E24E0009ABE18 /* Frameworks */,
				DAFA5FC1237E24E0009ABE18 /* Resources */,
				612D5E39C219044FC9759F70 /* [CP] Embed Pods Frameworks */,
			);
			buildRules = (
			);
			dependencies = (
				DAFA5FC5237E24E0009ABE18 /* PBXTargetDependency */,
			);
			name = ParstagramUITests;
			productName = ParstagramUITests;
			productReference = DAFA5FC3237E24E0009ABE18 /* ParstagramUITests.xctest */;
			productType = "com.apple.product-type.bundle.ui-testing";
		};
/* End PBXNativeTarget section */

/* Begin PBXProject section */
		DAFA5F9A237E24C2009ABE18 /* Project object */ = {
			isa = PBXProject;
			attributes = {
				LastSwiftUpdateCheck = 1120;
				LastUpgradeCheck = 1120;
				ORGANIZATIONNAME = Nebala;
				TargetAttributes = {
					DAFA5FA1237E24C2009ABE18 = {
						CreatedOnToolsVersion = 11.2;
					};
					DAFA5FB7237E24E0009ABE18 = {
						CreatedOnToolsVersion = 11.2;
						TestTargetID = DAFA5FA1237E24C2009ABE18;
					};
					DAFA5FC2237E24E0009ABE18 = {
						CreatedOnToolsVersion = 11.2;
						TestTargetID = DAFA5FA1237E24C2009ABE18;
					};
				};
			};
			buildConfigurationList = DAFA5F9D237E24C2009ABE18 /* Build configuration list for PBXProject "Parstagram" */;
			compatibilityVersion = "Xcode 9.3";
			developmentRegion = en;
			hasScannedForEncodings = 0;
			knownRegions = (
				en,
				Base,
			);
			mainGroup = DAFA5F99237E24C2009ABE18;
			productRefGroup = DAFA5FA3237E24C3009ABE18 /* Products */;
			projectDirPath = "";
			projectRoot = "";
			targets = (
				DAFA5FA1237E24C2009ABE18 /* Parstagram */,
				DAFA5FB7237E24E0009ABE18 /* ParstagramTests */,
				DAFA5FC2237E24E0009ABE18 /* ParstagramUITests */,
			);
		};
/* End PBXProject section */

/* Begin PBXResourcesBuildPhase section */
		DAFA5FA0237E24C2009ABE18 /* Resources */ = {
			isa = PBXResourcesBuildPhase;
			buildActionMask = 2147483647;
			files = (
				DAFA5FB2237E24DF009ABE18 /* LaunchScreen.storyboard in Resources */,
				DAAC8D42237E37A4002D75E7 /* image_placeholder.png in Resources */,
				DAAC8D3E237E36EE002D75E7 /* insta_camera_btn.png in Resources */,
				DAFA5FAF237E24DF009ABE18 /* Assets.xcassets in Resources */,
				DAFA5FAD237E24C5009ABE18 /* Main.storyboard in Resources */,
				DAAC8D3C237E2CBF002D75E7 /* instagram_logo.png in Resources */,
			);
			runOnlyForDeploymentPostprocessing = 0;
		};
		DAFA5FB6237E24E0009ABE18 /* Resources */ = {
			isa = PBXResourcesBuildPhase;
			buildActionMask = 2147483647;
			files = (
			);
			runOnlyForDeploymentPostprocessing = 0;
		};
		DAFA5FC1237E24E0009ABE18 /* Resources */ = {
			isa = PBXResourcesBuildPhase;
			buildActionMask = 2147483647;
			files = (
			);
			runOnlyForDeploymentPostprocessing = 0;
		};
/* End PBXResourcesBuildPhase section */

/* Begin PBXShellScriptBuildPhase section */
		1FC17E00593FC43F4941ABFA /* [CP] Embed Pods Frameworks */ = {
			isa = PBXShellScriptBuildPhase;
			buildActionMask = 2147483647;
			files = (
			);
			inputFileListPaths = (
				"${PODS_ROOT}/Target Support Files/Pods-Parstagram/Pods-Parstagram-frameworks-${CONFIGURATION}-input-files.xcfilelist",
			);
			name = "[CP] Embed Pods Frameworks";
			outputFileListPaths = (
				"${PODS_ROOT}/Target Support Files/Pods-Parstagram/Pods-Parstagram-frameworks-${CONFIGURATION}-output-files.xcfilelist",
			);
			runOnlyForDeploymentPostprocessing = 0;
			shellPath = /bin/sh;
			shellScript = "\"${PODS_ROOT}/Target Support Files/Pods-Parstagram/Pods-Parstagram-frameworks.sh\"\n";
			showEnvVarsInLog = 0;
		};
		53032672385616A0E2B32160 /* [CP] Check Pods Manifest.lock */ = {
			isa = PBXShellScriptBuildPhase;
			buildActionMask = 2147483647;
			files = (
			);
			inputFileListPaths = (
			);
			inputPaths = (
				"${PODS_PODFILE_DIR_PATH}/Podfile.lock",
				"${PODS_ROOT}/Manifest.lock",
			);
			name = "[CP] Check Pods Manifest.lock";
			outputFileListPaths = (
			);
			outputPaths = (
				"$(DERIVED_FILE_DIR)/Pods-ParstagramTests-checkManifestLockResult.txt",
			);
			runOnlyForDeploymentPostprocessing = 0;
			shellPath = /bin/sh;
			shellScript = "diff \"${PODS_PODFILE_DIR_PATH}/Podfile.lock\" \"${PODS_ROOT}/Manifest.lock\" > /dev/null\nif [ $? != 0 ] ; then\n    # print error to STDERR\n    echo \"error: The sandbox is not in sync with the Podfile.lock. Run 'pod install' or update your CocoaPods installation.\" >&2\n    exit 1\nfi\n# This output is used by Xcode 'outputs' to avoid re-running this script phase.\necho \"SUCCESS\" > \"${SCRIPT_OUTPUT_FILE_0}\"\n";
			showEnvVarsInLog = 0;
		};
		612D5E39C219044FC9759F70 /* [CP] Embed Pods Frameworks */ = {
			isa = PBXShellScriptBuildPhase;
			buildActionMask = 2147483647;
			files = (
			);
			inputFileListPaths = (
				"${PODS_ROOT}/Target Support Files/Pods-Parstagram-ParstagramUITests/Pods-Parstagram-ParstagramUITests-frameworks-${CONFIGURATION}-input-files.xcfilelist",
			);
			name = "[CP] Embed Pods Frameworks";
			outputFileListPaths = (
				"${PODS_ROOT}/Target Support Files/Pods-Parstagram-ParstagramUITests/Pods-Parstagram-ParstagramUITests-frameworks-${CONFIGURATION}-output-files.xcfilelist",
			);
			runOnlyForDeploymentPostprocessing = 0;
			shellPath = /bin/sh;
			shellScript = "\"${PODS_ROOT}/Target Support Files/Pods-Parstagram-ParstagramUITests/Pods-Parstagram-ParstagramUITests-frameworks.sh\"\n";
			showEnvVarsInLog = 0;
		};
		AEA85F0EE7544940A2FE7CE7 /* [CP] Check Pods Manifest.lock */ = {
			isa = PBXShellScriptBuildPhase;
			buildActionMask = 2147483647;
			files = (
			);
			inputFileListPaths = (
			);
			inputPaths = (
				"${PODS_PODFILE_DIR_PATH}/Podfile.lock",
				"${PODS_ROOT}/Manifest.lock",
			);
			name = "[CP] Check Pods Manifest.lock";
			outputFileListPaths = (
			);
			outputPaths = (
				"$(DERIVED_FILE_DIR)/Pods-Parstagram-ParstagramUITests-checkManifestLockResult.txt",
			);
			runOnlyForDeploymentPostprocessing = 0;
			shellPath = /bin/sh;
			shellScript = "diff \"${PODS_PODFILE_DIR_PATH}/Podfile.lock\" \"${PODS_ROOT}/Manifest.lock\" > /dev/null\nif [ $? != 0 ] ; then\n    # print error to STDERR\n    echo \"error: The sandbox is not in sync with the Podfile.lock. Run 'pod install' or update your CocoaPods installation.\" >&2\n    exit 1\nfi\n# This output is used by Xcode 'outputs' to avoid re-running this script phase.\necho \"SUCCESS\" > \"${SCRIPT_OUTPUT_FILE_0}\"\n";
			showEnvVarsInLog = 0;
		};
		E58C99C80833735E768024B3 /* [CP] Check Pods Manifest.lock */ = {
			isa = PBXShellScriptBuildPhase;
			buildActionMask = 2147483647;
			files = (
			);
			inputFileListPaths = (
			);
			inputPaths = (
				"${PODS_PODFILE_DIR_PATH}/Podfile.lock",
				"${PODS_ROOT}/Manifest.lock",
			);
			name = "[CP] Check Pods Manifest.lock";
			outputFileListPaths = (
			);
			outputPaths = (
				"$(DERIVED_FILE_DIR)/Pods-Parstagram-checkManifestLockResult.txt",
			);
			runOnlyForDeploymentPostprocessing = 0;
			shellPath = /bin/sh;
			shellScript = "diff \"${PODS_PODFILE_DIR_PATH}/Podfile.lock\" \"${PODS_ROOT}/Manifest.lock\" > /dev/null\nif [ $? != 0 ] ; then\n    # print error to STDERR\n    echo \"error: The sandbox is not in sync with the Podfile.lock. Run 'pod install' or update your CocoaPods installation.\" >&2\n    exit 1\nfi\n# This output is used by Xcode 'outputs' to avoid re-running this script phase.\necho \"SUCCESS\" > \"${SCRIPT_OUTPUT_FILE_0}\"\n";
			showEnvVarsInLog = 0;
		};
/* End PBXShellScriptBuildPhase section */

/* Begin PBXSourcesBuildPhase section */
		DAFA5F9E237E24C2009ABE18 /* Sources */ = {
			isa = PBXSourcesBuildPhase;
			buildActionMask = 2147483647;
			files = (
				DAAC8D38237E2C10002D75E7 /* LoginViewController.swift in Sources */,
				DAAC8D40237E3747002D75E7 /* CameraViewController.swift in Sources */,
				DAFA5FA6237E24C3009ABE18 /* AppDelegate.swift in Sources */,
				DAAC8D3A237E2C23002D75E7 /* FeedViewController.swift in Sources */,
				DAFA5FA8237E24C4009ABE18 /* SceneDelegate.swift in Sources */,
				DAAC8D44237E466E002D75E7 /* PostCell.swift in Sources */,
				DAB1135F23878468000888FD /* CommentCell.swift in Sources */,
			);
			runOnlyForDeploymentPostprocessing = 0;
		};
		DAFA5FB4237E24E0009ABE18 /* Sources */ = {
			isa = PBXSourcesBuildPhase;
			buildActionMask = 2147483647;
			files = (
				DAFA5FBD237E24E0009ABE18 /* ParstagramTests.swift in Sources */,
			);
			runOnlyForDeploymentPostprocessing = 0;
		};
		DAFA5FBF237E24E0009ABE18 /* Sources */ = {
			isa = PBXSourcesBuildPhase;
			buildActionMask = 2147483647;
			files = (
				DAFA5FC8237E24E0009ABE18 /* ParstagramUITests.swift in Sources */,
			);
			runOnlyForDeploymentPostprocessing = 0;
		};
/* End PBXSourcesBuildPhase section */

/* Begin PBXTargetDependency section */
		DAFA5FBA237E24E0009ABE18 /* PBXTargetDependency */ = {
			isa = PBXTargetDependency;
			target = DAFA5FA1237E24C2009ABE18 /* Parstagram */;
			targetProxy = DAFA5FB9237E24E0009ABE18 /* PBXContainerItemProxy */;
		};
		DAFA5FC5237E24E0009ABE18 /* PBXTargetDependency */ = {
			isa = PBXTargetDependency;
			target = DAFA5FA1237E24C2009ABE18 /* Parstagram */;
			targetProxy = DAFA5FC4237E24E0009ABE18 /* PBXContainerItemProxy */;
		};
/* End PBXTargetDependency section */

/* Begin PBXVariantGroup section */
		DAFA5FAB237E24C5009ABE18 /* Main.storyboard */ = {
			isa = PBXVariantGroup;
			children = (
				DAFA5FAC237E24C5009ABE18 /* Base */,
			);
			name = Main.storyboard;
			sourceTree = "<group>";
		};
		DAFA5FB0237E24DF009ABE18 /* LaunchScreen.storyboard */ = {
			isa = PBXVariantGroup;
			children = (
				DAFA5FB1237E24DF009ABE18 /* Base */,
			);
			name = LaunchScreen.storyboard;
			sourceTree = "<group>";
		};
/* End PBXVariantGroup section */

/* Begin XCBuildConfiguration section */
		DAFA5FCA237E24E0009ABE18 /* Debug */ = {
			isa = XCBuildConfiguration;
			buildSettings = {
				ALWAYS_SEARCH_USER_PATHS = NO;
				CLANG_ANALYZER_NONNULL = YES;
				CLANG_ANALYZER_NUMBER_OBJECT_CONVERSION = YES_AGGRESSIVE;
				CLANG_CXX_LANGUAGE_STANDARD = "gnu++14";
				CLANG_CXX_LIBRARY = "libc++";
				CLANG_ENABLE_MODULES = YES;
				CLANG_ENABLE_OBJC_ARC = YES;
				CLANG_ENABLE_OBJC_WEAK = YES;
				CLANG_WARN_BLOCK_CAPTURE_AUTORELEASING = YES;
				CLANG_WARN_BOOL_CONVERSION = YES;
				CLANG_WARN_COMMA = YES;
				CLANG_WARN_CONSTANT_CONVERSION = YES;
				CLANG_WARN_DEPRECATED_OBJC_IMPLEMENTATIONS = YES;
				CLANG_WARN_DIRECT_OBJC_ISA_USAGE = YES_ERROR;
				CLANG_WARN_DOCUMENTATION_COMMENTS = YES;
				CLANG_WARN_EMPTY_BODY = YES;
				CLANG_WARN_ENUM_CONVERSION = YES;
				CLANG_WARN_INFINITE_RECURSION = YES;
				CLANG_WARN_INT_CONVERSION = YES;
				CLANG_WARN_NON_LITERAL_NULL_CONVERSION = YES;
				CLANG_WARN_OBJC_IMPLICIT_RETAIN_SELF = YES;
				CLANG_WARN_OBJC_LITERAL_CONVERSION = YES;
				CLANG_WARN_OBJC_ROOT_CLASS = YES_ERROR;
				CLANG_WARN_RANGE_LOOP_ANALYSIS = YES;
				CLANG_WARN_STRICT_PROTOTYPES = YES;
				CLANG_WARN_SUSPICIOUS_MOVE = YES;
				CLANG_WARN_UNGUARDED_AVAILABILITY = YES_AGGRESSIVE;
				CLANG_WARN_UNREACHABLE_CODE = YES;
				CLANG_WARN__DUPLICATE_METHOD_MATCH = YES;
				COPY_PHASE_STRIP = NO;
				DEBUG_INFORMATION_FORMAT = dwarf;
				ENABLE_STRICT_OBJC_MSGSEND = YES;
				ENABLE_TESTABILITY = YES;
				GCC_C_LANGUAGE_STANDARD = gnu11;
				GCC_DYNAMIC_NO_PIC = NO;
				GCC_NO_COMMON_BLOCKS = YES;
				GCC_OPTIMIZATION_LEVEL = 0;
				GCC_PREPROCESSOR_DEFINITIONS = (
					"DEBUG=1",
					"$(inherited)",
				);
				GCC_WARN_64_TO_32_BIT_CONVERSION = YES;
				GCC_WARN_ABOUT_RETURN_TYPE = YES_ERROR;
				GCC_WARN_UNDECLARED_SELECTOR = YES;
				GCC_WARN_UNINITIALIZED_AUTOS = YES_AGGRESSIVE;
				GCC_WARN_UNUSED_FUNCTION = YES;
				GCC_WARN_UNUSED_VARIABLE = YES;
				IPHONEOS_DEPLOYMENT_TARGET = 13.2;
				MTL_ENABLE_DEBUG_INFO = INCLUDE_SOURCE;
				MTL_FAST_MATH = YES;
				ONLY_ACTIVE_ARCH = YES;
				SDKROOT = iphoneos;
				SWIFT_ACTIVE_COMPILATION_CONDITIONS = DEBUG;
				SWIFT_OPTIMIZATION_LEVEL = "-Onone";
			};
			name = Debug;
		};
		DAFA5FCB237E24E0009ABE18 /* Release */ = {
			isa = XCBuildConfiguration;
			buildSettings = {
				ALWAYS_SEARCH_USER_PATHS = NO;
				CLANG_ANALYZER_NONNULL = YES;
				CLANG_ANALYZER_NUMBER_OBJECT_CONVERSION = YES_AGGRESSIVE;
				CLANG_CXX_LANGUAGE_STANDARD = "gnu++14";
				CLANG_CXX_LIBRARY = "libc++";
				CLANG_ENABLE_MODULES = YES;
				CLANG_ENABLE_OBJC_ARC = YES;
				CLANG_ENABLE_OBJC_WEAK = YES;
				CLANG_WARN_BLOCK_CAPTURE_AUTORELEASING = YES;
				CLANG_WARN_BOOL_CONVERSION = YES;
				CLANG_WARN_COMMA = YES;
				CLANG_WARN_CONSTANT_CONVERSION = YES;
				CLANG_WARN_DEPRECATED_OBJC_IMPLEMENTATIONS = YES;
				CLANG_WARN_DIRECT_OBJC_ISA_USAGE = YES_ERROR;
				CLANG_WARN_DOCUMENTATION_COMMENTS = YES;
				CLANG_WARN_EMPTY_BODY = YES;
				CLANG_WARN_ENUM_CONVERSION = YES;
				CLANG_WARN_INFINITE_RECURSION = YES;
				CLANG_WARN_INT_CONVERSION = YES;
				CLANG_WARN_NON_LITERAL_NULL_CONVERSION = YES;
				CLANG_WARN_OBJC_IMPLICIT_RETAIN_SELF = YES;
				CLANG_WARN_OBJC_LITERAL_CONVERSION = YES;
				CLANG_WARN_OBJC_ROOT_CLASS = YES_ERROR;
				CLANG_WARN_RANGE_LOOP_ANALYSIS = YES;
				CLANG_WARN_STRICT_PROTOTYPES = YES;
				CLANG_WARN_SUSPICIOUS_MOVE = YES;
				CLANG_WARN_UNGUARDED_AVAILABILITY = YES_AGGRESSIVE;
				CLANG_WARN_UNREACHABLE_CODE = YES;
				CLANG_WARN__DUPLICATE_METHOD_MATCH = YES;
				COPY_PHASE_STRIP = NO;
				DEBUG_INFORMATION_FORMAT = "dwarf-with-dsym";
				ENABLE_NS_ASSERTIONS = NO;
				ENABLE_STRICT_OBJC_MSGSEND = YES;
				GCC_C_LANGUAGE_STANDARD = gnu11;
				GCC_NO_COMMON_BLOCKS = YES;
				GCC_WARN_64_TO_32_BIT_CONVERSION = YES;
				GCC_WARN_ABOUT_RETURN_TYPE = YES_ERROR;
				GCC_WARN_UNDECLARED_SELECTOR = YES;
				GCC_WARN_UNINITIALIZED_AUTOS = YES_AGGRESSIVE;
				GCC_WARN_UNUSED_FUNCTION = YES;
				GCC_WARN_UNUSED_VARIABLE = YES;
				IPHONEOS_DEPLOYMENT_TARGET = 13.2;
				MTL_ENABLE_DEBUG_INFO = NO;
				MTL_FAST_MATH = YES;
				SDKROOT = iphoneos;
				SWIFT_COMPILATION_MODE = wholemodule;
				SWIFT_OPTIMIZATION_LEVEL = "-O";
				VALIDATE_PRODUCT = YES;
			};
			name = Release;
		};
		DAFA5FCD237E24E0009ABE18 /* Debug */ = {
			isa = XCBuildConfiguration;
			baseConfigurationReference = 2BDC5AAD3E35FDBAB770C13B /* Pods-Parstagram.debug.xcconfig */;
			buildSettings = {
				ASSETCATALOG_COMPILER_APPICON_NAME = AppIcon;
				CODE_SIGN_STYLE = Automatic;
				DEVELOPMENT_TEAM = 8SM98GLDD8;
				INFOPLIST_FILE = Parstagram/Info.plist;
				LD_RUNPATH_SEARCH_PATHS = (
					"$(inherited)",
					"@executable_path/Frameworks",
				);
				PRODUCT_BUNDLE_IDENTIFIER = "Diana-Balderas.Parstagram";
				PRODUCT_NAME = "$(TARGET_NAME)";
				SWIFT_VERSION = 5.0;
				TARGETED_DEVICE_FAMILY = "1,2";
			};
			name = Debug;
		};
		DAFA5FCE237E24E0009ABE18 /* Release */ = {
			isa = XCBuildConfiguration;
			baseConfigurationReference = 60FCCBC89AF5F7B0B9B48C1F /* Pods-Parstagram.release.xcconfig */;
			buildSettings = {
				ASSETCATALOG_COMPILER_APPICON_NAME = AppIcon;
				CODE_SIGN_STYLE = Automatic;
				DEVELOPMENT_TEAM = 8SM98GLDD8;
				INFOPLIST_FILE = Parstagram/Info.plist;
				LD_RUNPATH_SEARCH_PATHS = (
					"$(inherited)",
					"@executable_path/Frameworks",
				);
				PRODUCT_BUNDLE_IDENTIFIER = "Diana-Balderas.Parstagram";
				PRODUCT_NAME = "$(TARGET_NAME)";
				SWIFT_VERSION = 5.0;
				TARGETED_DEVICE_FAMILY = "1,2";
			};
			name = Release;
		};
		DAFA5FD0237E24E0009ABE18 /* Debug */ = {
			isa = XCBuildConfiguration;
			baseConfigurationReference = 21ECFFF057F6D41E9EED1D43 /* Pods-ParstagramTests.debug.xcconfig */;
			buildSettings = {
				ALWAYS_EMBED_SWIFT_STANDARD_LIBRARIES = YES;
				BUNDLE_LOADER = "$(TEST_HOST)";
				CODE_SIGN_STYLE = Automatic;
				DEVELOPMENT_TEAM = 8SM98GLDD8;
				INFOPLIST_FILE = ParstagramTests/Info.plist;
				IPHONEOS_DEPLOYMENT_TARGET = 13.2;
				LD_RUNPATH_SEARCH_PATHS = (
					"$(inherited)",
					"@executable_path/Frameworks",
					"@loader_path/Frameworks",
				);
				PRODUCT_BUNDLE_IDENTIFIER = "Diana-Balderas.ParstagramTests";
				PRODUCT_NAME = "$(TARGET_NAME)";
				SWIFT_VERSION = 5.0;
				TARGETED_DEVICE_FAMILY = "1,2";
				TEST_HOST = "$(BUILT_PRODUCTS_DIR)/Parstagram.app/Parstagram";
			};
			name = Debug;
		};
		DAFA5FD1237E24E0009ABE18 /* Release */ = {
			isa = XCBuildConfiguration;
			baseConfigurationReference = 0558B6F3036B00D608949018 /* Pods-ParstagramTests.release.xcconfig */;
			buildSettings = {
				ALWAYS_EMBED_SWIFT_STANDARD_LIBRARIES = YES;
				BUNDLE_LOADER = "$(TEST_HOST)";
				CODE_SIGN_STYLE = Automatic;
				DEVELOPMENT_TEAM = 8SM98GLDD8;
				INFOPLIST_FILE = ParstagramTests/Info.plist;
				IPHONEOS_DEPLOYMENT_TARGET = 13.2;
				LD_RUNPATH_SEARCH_PATHS = (
					"$(inherited)",
					"@executable_path/Frameworks",
					"@loader_path/Frameworks",
				);
				PRODUCT_BUNDLE_IDENTIFIER = "Diana-Balderas.ParstagramTests";
				PRODUCT_NAME = "$(TARGET_NAME)";
				SWIFT_VERSION = 5.0;
				TARGETED_DEVICE_FAMILY = "1,2";
				TEST_HOST = "$(BUILT_PRODUCTS_DIR)/Parstagram.app/Parstagram";
			};
			name = Release;
		};
		DAFA5FD3237E24E0009ABE18 /* Debug */ = {
			isa = XCBuildConfiguration;
			baseConfigurationReference = 13455177201C71D906EBF30F /* Pods-Parstagram-ParstagramUITests.debug.xcconfig */;
			buildSettings = {
				ALWAYS_EMBED_SWIFT_STANDARD_LIBRARIES = YES;
				CODE_SIGN_STYLE = Automatic;
				DEVELOPMENT_TEAM = 8SM98GLDD8;
				INFOPLIST_FILE = ParstagramUITests/Info.plist;
				LD_RUNPATH_SEARCH_PATHS = (
					"$(inherited)",
					"@executable_path/Frameworks",
					"@loader_path/Frameworks",
				);
				PRODUCT_BUNDLE_IDENTIFIER = "Diana-Balderas.ParstagramUITests";
				PRODUCT_NAME = "$(TARGET_NAME)";
				SWIFT_VERSION = 5.0;
				TARGETED_DEVICE_FAMILY = "1,2";
				TEST_TARGET_NAME = Parstagram;
			};
			name = Debug;
		};
		DAFA5FD4237E24E0009ABE18 /* Release */ = {
			isa = XCBuildConfiguration;
			baseConfigurationReference = 5C6DAC9D0F9D52E919B05416 /* Pods-Parstagram-ParstagramUITests.release.xcconfig */;
			buildSettings = {
				ALWAYS_EMBED_SWIFT_STANDARD_LIBRARIES = YES;
				CODE_SIGN_STYLE = Automatic;
				DEVELOPMENT_TEAM = 8SM98GLDD8;
				INFOPLIST_FILE = ParstagramUITests/Info.plist;
				LD_RUNPATH_SEARCH_PATHS = (
					"$(inherited)",
					"@executable_path/Frameworks",
					"@loader_path/Frameworks",
				);
				PRODUCT_BUNDLE_IDENTIFIER = "Diana-Balderas.ParstagramUITests";
				PRODUCT_NAME = "$(TARGET_NAME)";
				SWIFT_VERSION = 5.0;
				TARGETED_DEVICE_FAMILY = "1,2";
				TEST_TARGET_NAME = Parstagram;
			};
			name = Release;
		};
/* End XCBuildConfiguration section */

/* Begin XCConfigurationList section */
		DAFA5F9D237E24C2009ABE18 /* Build configuration list for PBXProject "Parstagram" */ = {
			isa = XCConfigurationList;
			buildConfigurations = (
				DAFA5FCA237E24E0009ABE18 /* Debug */,
				DAFA5FCB237E24E0009ABE18 /* Release */,
			);
			defaultConfigurationIsVisible = 0;
			defaultConfigurationName = Release;
		};
		DAFA5FCC237E24E0009ABE18 /* Build configuration list for PBXNativeTarget "Parstagram" */ = {
			isa = XCConfigurationList;
			buildConfigurations = (
				DAFA5FCD237E24E0009ABE18 /* Debug */,
				DAFA5FCE237E24E0009ABE18 /* Release */,
			);
			defaultConfigurationIsVisible = 0;
			defaultConfigurationName = Release;
		};
		DAFA5FCF237E24E0009ABE18 /* Build configuration list for PBXNativeTarget "ParstagramTests" */ = {
			isa = XCConfigurationList;
			buildConfigurations = (
				DAFA5FD0237E24E0009ABE18 /* Debug */,
				DAFA5FD1237E24E0009ABE18 /* Release */,
			);
			defaultConfigurationIsVisible = 0;
			defaultConfigurationName = Release;
		};
		DAFA5FD2237E24E0009ABE18 /* Build configuration list for PBXNativeTarget "ParstagramUITests" */ = {
			isa = XCConfigurationList;
			buildConfigurations = (
				DAFA5FD3237E24E0009ABE18 /* Debug */,
				DAFA5FD4237E24E0009ABE18 /* Release */,
			);
			defaultConfigurationIsVisible = 0;
			defaultConfigurationName = Release;
		};
/* End XCConfigurationList section */
	};
	rootObject = DAFA5F9A237E24C2009ABE18 /* Project object */;
}
